
Microsoft Visual Studio Solution File, Format Version 12.00
# Visual Studio 14
VisualStudioVersion = 14.0.23107.0
MinimumVisualStudioVersion = 10.0.40219.1
Project("{FAE04EC0-301F-11D3-BF4B-00C04F79EFBC}") = "MicrosoftGraphSamples", "MicrosoftGraphSamples\MicrosoftGraphSamples.csproj", "{175ED48C-1E4D-4602-935E-82B1479E7CB8}"
EndProject
Project("{FAE04EC0-301F-11D3-BF4B-00C04F79EFBC}") = "Office365SamplesV2", "Office365Samples\Office365SamplesV2.csproj", "{D6F27AE0-2C2E-444A-B2EE-5B1A046CC76C}"
EndProject
Project("{FAE04EC0-301F-11D3-BF4B-00C04F79EFBC}") = "ADALSamples", "ADALSamples\ADALSamples.csproj", "{20C6FD2C-17C8-4CC1-AA1C-6E4BF943C2A2}"
EndProject
Project("{FAE04EC0-301F-11D3-BF4B-00C04F79EFBC}") = "Office365ManagementSamples", "Office365Management\Office365ManagementSamples.csproj", "{DFE50A9E-9C8E-48F4-8C0E-92197535D000}"
EndProject
Project("{FAE04EC0-301F-11D3-BF4B-00C04F79EFBC}") = "RESTRequsetHelper", "RESTRequsetHelper\RESTRequsetHelper.csproj", "{3472DEFF-EBC3-4BD2-B22E-17209B575D28}"
EndProject
Global
	GlobalSection(SolutionConfigurationPlatforms) = preSolution
		Debug|Any CPU = Debug|Any CPU
		Release|Any CPU = Release|Any CPU
	EndGlobalSection
	GlobalSection(ProjectConfigurationPlatforms) = postSolution
		{175ED48C-1E4D-4602-935E-82B1479E7CB8}.Debug|Any CPU.ActiveCfg = Debug|Any CPU
		{175ED48C-1E4D-4602-935E-82B1479E7CB8}.Debug|Any CPU.Build.0 = Debug|Any CPU
		{175ED48C-1E4D-4602-935E-82B1479E7CB8}.Release|Any CPU.ActiveCfg = Release|Any CPU
		{175ED48C-1E4D-4602-935E-82B1479E7CB8}.Release|Any CPU.Build.0 = Release|Any CPU
		{D6F27AE0-2C2E-444A-B2EE-5B1A046CC76C}.Debug|Any CPU.ActiveCfg = Debug|Any CPU
		{D6F27AE0-2C2E-444A-B2EE-5B1A046CC76C}.Debug|Any CPU.Build.0 = Debug|Any CPU
		{D6F27AE0-2C2E-444A-B2EE-5B1A046CC76C}.Release|Any CPU.ActiveCfg = Release|Any CPU
		{D6F27AE0-2C2E-444A-B2EE-5B1A046CC76C}.Release|Any CPU.Build.0 = Release|Any CPU
		{20C6FD2C-17C8-4CC1-AA1C-6E4BF943C2A2}.Debug|Any CPU.ActiveCfg = Debug|Any CPU
		{20C6FD2C-17C8-4CC1-AA1C-6E4BF943C2A2}.Debug|Any CPU.Build.0 = Debug|Any CPU
		{20C6FD2C-17C8-4CC1-AA1C-6E4BF943C2A2}.Release|Any CPU.ActiveCfg = Release|Any CPU
		{20C6FD2C-17C8-4CC1-AA1C-6E4BF943C2A2}.Release|Any CPU.Build.0 = Release|Any CPU
		{DFE50A9E-9C8E-48F4-8C0E-92197535D000}.Debug|Any CPU.ActiveCfg = Debug|Any CPU
		{DFE50A9E-9C8E-48F4-8C0E-92197535D000}.Debug|Any CPU.Build.0 = Debug|Any CPU
		{DFE50A9E-9C8E-48F4-8C0E-92197535D000}.Release|Any CPU.ActiveCfg = Release|Any CPU
		{DFE50A9E-9C8E-48F4-8C0E-92197535D000}.Release|Any CPU.Build.0 = Release|Any CPU
		{3472DEFF-EBC3-4BD2-B22E-17209B575D28}.Debug|Any CPU.ActiveCfg = Debug|Any CPU
		{3472DEFF-EBC3-4BD2-B22E-17209B575D28}.Debug|Any CPU.Build.0 = Debug|Any CPU
		{3472DEFF-EBC3-4BD2-B22E-17209B575D28}.Release|Any CPU.ActiveCfg = Release|Any CPU
		{3472DEFF-EBC3-4BD2-B22E-17209B575D28}.Release|Any CPU.Build.0 = Release|Any CPU
	EndGlobalSection
	GlobalSection(SolutionProperties) = preSolution
		HideSolutionNode = FALSE
	EndGlobalSection
EndGlobal
